// !$*UTF8*$!
{
	archiveVersion = 1;
	classes = {
	};
	objectVersion = 46;
	objects = {

/* Begin PBXBuildFile section */
		549A3016417E6D3852B6ABEA /* UserService.swift in Sources */ = {isa = PBXBuildFile; fileRef = 549A3B065C635162DCF5142A /* UserService.swift */; };
		549A30F6DA8754A08B88C598 /* Fine.swift in Sources */ = {isa = PBXBuildFile; fileRef = 549A35F3311CD6F6FECFF4C4 /* Fine.swift */; };
		549A341D6C6D6FEA54AFBBCF /* Drink.swift in Sources */ = {isa = PBXBuildFile; fileRef = 549A3B8F1082B2855CF6DBFD /* Drink.swift */; };
		549A384E3B8DF793B73C791F /* UserValidity.swift in Sources */ = {isa = PBXBuildFile; fileRef = 549A33BB07090953C2F26E9F /* UserValidity.swift */; };
		549A38966F44FF8A21E38BE1 /* DrinkPayment.swift in Sources */ = {isa = PBXBuildFile; fileRef = 549A3AF8F105B5CC9E4CCD39 /* DrinkPayment.swift */; };
		549A3A0266ECEE31302FBF80 /* FinePayment.swift in Sources */ = {isa = PBXBuildFile; fileRef = 549A307D97DAEACE01BF4CDD /* FinePayment.swift */; };
		549A3A4833195ED9C735B733 /* Club.swift in Sources */ = {isa = PBXBuildFile; fileRef = 549A3FD1E297F9127D8F6819 /* Club.swift */; };
		549A3C316575B9A2851D4C9B /* User.swift in Sources */ = {isa = PBXBuildFile; fileRef = 549A3816AEADFE9D9B62F2B4 /* User.swift */; };
		549A3CCD4B2692F9B32DFC15 /* Event.swift in Sources */ = {isa = PBXBuildFile; fileRef = 549A36D2ABD5CABFA77DB7C1 /* Event.swift */; };
		9908C6391AAFA5BF007F8679 /* LoginController.swift in Sources */ = {isa = PBXBuildFile; fileRef = 9908C6371AAFA5BF007F8679 /* LoginController.swift */; };
		9908C65C1AB02DA0007F8679 /* FineService.swift in Sources */ = {isa = PBXBuildFile; fileRef = 9908C65B1AB02DA0007F8679 /* FineService.swift */; };
		9908C65E1AB02DA7007F8679 /* DrinkService.swift in Sources */ = {isa = PBXBuildFile; fileRef = 9908C65D1AB02DA7007F8679 /* DrinkService.swift */; };
		9908C6601AB02DB0007F8679 /* EventService.swift in Sources */ = {isa = PBXBuildFile; fileRef = 9908C65F1AB02DB0007F8679 /* EventService.swift */; };
		9908C6621AB02EA5007F8679 /* ApiCall.swift in Sources */ = {isa = PBXBuildFile; fileRef = 9908C6611AB02EA5007F8679 /* ApiCall.swift */; };
		9908C6651AB080AC007F8679 /* EventTableViewCell.swift in Sources */ = {isa = PBXBuildFile; fileRef = 9908C6631AB080AC007F8679 /* EventTableViewCell.swift */; };
		9908C6661AB080AC007F8679 /* EventTableViewCell.xib in Resources */ = {isa = PBXBuildFile; fileRef = 9908C6641AB080AC007F8679 /* EventTableViewCell.xib */; };
		992F71381AC9F45F0002E275 /* ShowEventTableViewCell.swift in Sources */ = {isa = PBXBuildFile; fileRef = 992F71361AC9F45F0002E275 /* ShowEventTableViewCell.swift */; };
		992F71391AC9F45F0002E275 /* ShowEventTableViewCell.xib in Resources */ = {isa = PBXBuildFile; fileRef = 992F71371AC9F45F0002E275 /* ShowEventTableViewCell.xib */; };
		992F713D1AC9F5010002E275 /* drink_icon.png in Resources */ = {isa = PBXBuildFile; fileRef = 992F713A1AC9F5010002E275 /* drink_icon.png */; };
		992F713E1AC9F5010002E275 /* event_icon.png in Resources */ = {isa = PBXBuildFile; fileRef = 992F713B1AC9F5010002E275 /* event_icon.png */; };
		992F713F1AC9F5010002E275 /* fine_icon.png in Resources */ = {isa = PBXBuildFile; fileRef = 992F713C1AC9F5010002E275 /* fine_icon.png */; };
		992F71411AC9F78B0002E275 /* ShowEventViewController.swift in Sources */ = {isa = PBXBuildFile; fileRef = 992F71401AC9F78B0002E275 /* ShowEventViewController.swift */; };
		992FD1E31AA7C086000CD5A3 /* Session.swift in Sources */ = {isa = PBXBuildFile; fileRef = 992FD1E21AA7C086000CD5A3 /* Session.swift */; };
		992FD21C1AA9A956000CD5A3 /* SignUpController.swift in Sources */ = {isa = PBXBuildFile; fileRef = 992FD21A1AA9A956000CD5A3 /* SignUpController.swift */; };
		99411CC51AB2B6220099A6E5 /* CustomCellNames.swift in Sources */ = {isa = PBXBuildFile; fileRef = 99411CC41AB2B6220099A6E5 /* CustomCellNames.swift */; };
		99411CFB1AB2D4B30099A6E5 /* Main.storyboard in Resources */ = {isa = PBXBuildFile; fileRef = 99411CFA1AB2D4B30099A6E5 /* Main.storyboard */; };
		99495F491ABB2FCB001A4744 /* ClubTabBarController.swift in Sources */ = {isa = PBXBuildFile; fileRef = 99495F481ABB2FCB001A4744 /* ClubTabBarController.swift */; };
		99495F4B1ABB304E001A4744 /* EventViewController.swift in Sources */ = {isa = PBXBuildFile; fileRef = 99495F4A1ABB304E001A4744 /* EventViewController.swift */; };
		99495F4D1ABBECC3001A4744 /* DrinkViewController.swift in Sources */ = {isa = PBXBuildFile; fileRef = 99495F4C1ABBECC3001A4744 /* DrinkViewController.swift */; };
		99495F4F1ABBECCF001A4744 /* FineViewController.swift in Sources */ = {isa = PBXBuildFile; fileRef = 99495F4E1ABBECCF001A4744 /* FineViewController.swift */; };
		99495F511ABBFC5D001A4744 /* CreateEventViewController.swift in Sources */ = {isa = PBXBuildFile; fileRef = 99495F501ABBFC5D001A4744 /* CreateEventViewController.swift */; };
		99495F5A1ABC2DCA001A4744 /* DrinkTableViewCell.swift in Sources */ = {isa = PBXBuildFile; fileRef = 99495F581ABC2DCA001A4744 /* DrinkTableViewCell.swift */; };
		99495F5B1ABC2DCA001A4744 /* DrinkTableViewCell.xib in Resources */ = {isa = PBXBuildFile; fileRef = 99495F591ABC2DCA001A4744 /* DrinkTableViewCell.xib */; };
		99495F5E1ABC37DE001A4744 /* FineTableViewCell.swift in Sources */ = {isa = PBXBuildFile; fileRef = 99495F5C1ABC37DE001A4744 /* FineTableViewCell.swift */; };
		99495F5F1ABC37DE001A4744 /* FineTableViewCell.xib in Resources */ = {isa = PBXBuildFile; fileRef = 99495F5D1ABC37DE001A4744 /* FineTableViewCell.xib */; };
		99495F611AC1C658001A4744 /* CreateDrinkViewController.swift in Sources */ = {isa = PBXBuildFile; fileRef = 99495F601AC1C658001A4744 /* CreateDrinkViewController.swift */; };
		99495FC11AC54192001A4744 /* CreateFineViewController.swift in Sources */ = {isa = PBXBuildFile; fileRef = 99495FC01AC54192001A4744 /* CreateFineViewController.swift */; };
		998546261AA6640100E56612 /* AppDelegate.swift in Sources */ = {isa = PBXBuildFile; fileRef = 998546251AA6640100E56612 /* AppDelegate.swift */; };
		9985462D1AA6640100E56612 /* Images.xcassets in Resources */ = {isa = PBXBuildFile; fileRef = 9985462C1AA6640100E56612 /* Images.xcassets */; };
		998546301AA6640100E56612 /* LaunchScreen.xib in Resources */ = {isa = PBXBuildFile; fileRef = 9985462E1AA6640100E56612 /* LaunchScreen.xib */; };
		9985463C1AA6640100E56612 /* AlleNeuneTests.swift in Sources */ = {isa = PBXBuildFile; fileRef = 9985463B1AA6640100E56612 /* AlleNeuneTests.swift */; };
		998546461AA6666500E56612 /* SwiftyJSON.swift in Sources */ = {isa = PBXBuildFile; fileRef = 998546451AA6666500E56612 /* SwiftyJSON.swift */; };
		9985688E1AA9FFCE002905F2 /* SessionLogin.swift in Sources */ = {isa = PBXBuildFile; fileRef = 9985688D1AA9FFCE002905F2 /* SessionLogin.swift */; };
		998568911AAA185E002905F2 /* PhoneNumberController.swift in Sources */ = {isa = PBXBuildFile; fileRef = 9985688F1AAA185E002905F2 /* PhoneNumberController.swift */; };
		998568961AAF74E1002905F2 /* MyTextField.swift in Sources */ = {isa = PBXBuildFile; fileRef = 998568951AAF74E1002905F2 /* MyTextField.swift */; };
		9985689A1AAF75DD002905F2 /* MyViewController.swift in Sources */ = {isa = PBXBuildFile; fileRef = 998568991AAF75DD002905F2 /* MyViewController.swift */; };
		998568A21AAF8998002905F2 /* UserHomeController.xib in Resources */ = {isa = PBXBuildFile; fileRef = 998568A41AAF8998002905F2 /* UserHomeController.xib */; };
		998568B51AAF8ABE002905F2 /* Localizable.strings in Resources */ = {isa = PBXBuildFile; fileRef = 998568B71AAF8ABE002905F2 /* Localizable.strings */; };
		998568BB1AAF918F002905F2 /* XIBNames.swift in Sources */ = {isa = PBXBuildFile; fileRef = 998568BA1AAF918F002905F2 /* XIBNames.swift */; };
		99C3CDE21AA9B95D00941CD4 /* Utils.swift in Sources */ = {isa = PBXBuildFile; fileRef = 99C3CDE11AA9B95D00941CD4 /* Utils.swift */; };
		99C3CDE41AA9C2BA00941CD4 /* UIHelper.swift in Sources */ = {isa = PBXBuildFile; fileRef = 99C3CDE31AA9C2BA00941CD4 /* UIHelper.swift */; };
		99C3CDE71AA9C89400941CD4 /* UserHomeController.swift in Sources */ = {isa = PBXBuildFile; fileRef = 99C3CDE51AA9C89400941CD4 /* UserHomeController.swift */; };
		99C8D55F1AA7008D00D3EF7D /* SessionService.swift in Sources */ = {isa = PBXBuildFile; fileRef = 99C8D55E1AA7008D00D3EF7D /* SessionService.swift */; };
		99C8D5611AA700A800D3EF7D /* ApiPostHandler.swift in Sources */ = {isa = PBXBuildFile; fileRef = 99C8D5601AA700A800D3EF7D /* ApiPostHandler.swift */; };
		99C8D5911AA707A900D3EF7D /* PostResponse.swift in Sources */ = {isa = PBXBuildFile; fileRef = 99C8D5901AA707A900D3EF7D /* PostResponse.swift */; };
		99D3EF701AE00C6700A952F0 /* SegueNames.swift in Sources */ = {isa = PBXBuildFile; fileRef = 99D3EF6F1AE00C6700A952F0 /* SegueNames.swift */; };
/* End PBXBuildFile section */

/* Begin PBXContainerItemProxy section */
		998546361AA6640100E56612 /* PBXContainerItemProxy */ = {
			isa = PBXContainerItemProxy;
			containerPortal = 998546181AA6640100E56612 /* Project object */;
			proxyType = 1;
			remoteGlobalIDString = 9985461F1AA6640100E56612;
			remoteInfo = AlleNeune;
		};
/* End PBXContainerItemProxy section */

/* Begin PBXFileReference section */
		549A307D97DAEACE01BF4CDD /* FinePayment.swift */ = {isa = PBXFileReference; fileEncoding = 4; lastKnownFileType = sourcecode.swift; path = FinePayment.swift; sourceTree = "<group>"; };
		549A33BB07090953C2F26E9F /* UserValidity.swift */ = {isa = PBXFileReference; fileEncoding = 4; lastKnownFileType = sourcecode.swift; path = UserValidity.swift; sourceTree = "<group>"; };
		549A35F3311CD6F6FECFF4C4 /* Fine.swift */ = {isa = PBXFileReference; fileEncoding = 4; lastKnownFileType = sourcecode.swift; path = Fine.swift; sourceTree = "<group>"; };
		549A36D2ABD5CABFA77DB7C1 /* Event.swift */ = {isa = PBXFileReference; fileEncoding = 4; lastKnownFileType = sourcecode.swift; path = Event.swift; sourceTree = "<group>"; };
		549A3816AEADFE9D9B62F2B4 /* User.swift */ = {isa = PBXFileReference; fileEncoding = 4; lastKnownFileType = sourcecode.swift; path = User.swift; sourceTree = "<group>"; };
		549A3AF8F105B5CC9E4CCD39 /* DrinkPayment.swift */ = {isa = PBXFileReference; fileEncoding = 4; lastKnownFileType = sourcecode.swift; path = DrinkPayment.swift; sourceTree = "<group>"; };
		549A3B065C635162DCF5142A /* UserService.swift */ = {isa = PBXFileReference; fileEncoding = 4; lastKnownFileType = sourcecode.swift; path = UserService.swift; sourceTree = "<group>"; };
		549A3B8F1082B2855CF6DBFD /* Drink.swift */ = {isa = PBXFileReference; fileEncoding = 4; lastKnownFileType = sourcecode.swift; path = Drink.swift; sourceTree = "<group>"; };
		549A3FD1E297F9127D8F6819 /* Club.swift */ = {isa = PBXFileReference; fileEncoding = 4; lastKnownFileType = sourcecode.swift; path = Club.swift; sourceTree = "<group>"; };
		9908C6371AAFA5BF007F8679 /* LoginController.swift */ = {isa = PBXFileReference; fileEncoding = 4; lastKnownFileType = sourcecode.swift; path = LoginController.swift; sourceTree = "<group>"; };
		9908C65B1AB02DA0007F8679 /* FineService.swift */ = {isa = PBXFileReference; fileEncoding = 4; lastKnownFileType = sourcecode.swift; path = FineService.swift; sourceTree = "<group>"; };
		9908C65D1AB02DA7007F8679 /* DrinkService.swift */ = {isa = PBXFileReference; fileEncoding = 4; lastKnownFileType = sourcecode.swift; path = DrinkService.swift; sourceTree = "<group>"; };
		9908C65F1AB02DB0007F8679 /* EventService.swift */ = {isa = PBXFileReference; fileEncoding = 4; lastKnownFileType = sourcecode.swift; path = EventService.swift; sourceTree = "<group>"; };
		9908C6611AB02EA5007F8679 /* ApiCall.swift */ = {isa = PBXFileReference; fileEncoding = 4; lastKnownFileType = sourcecode.swift; path = ApiCall.swift; sourceTree = "<group>"; };
		9908C6631AB080AC007F8679 /* EventTableViewCell.swift */ = {isa = PBXFileReference; fileEncoding = 4; lastKnownFileType = sourcecode.swift; path = EventTableViewCell.swift; sourceTree = "<group>"; };
		9908C6641AB080AC007F8679 /* EventTableViewCell.xib */ = {isa = PBXFileReference; fileEncoding = 4; lastKnownFileType = file.xib; path = EventTableViewCell.xib; sourceTree = "<group>"; };
		992F71361AC9F45F0002E275 /* ShowEventTableViewCell.swift */ = {isa = PBXFileReference; fileEncoding = 4; lastKnownFileType = sourcecode.swift; path = ShowEventTableViewCell.swift; sourceTree = "<group>"; };
		992F71371AC9F45F0002E275 /* ShowEventTableViewCell.xib */ = {isa = PBXFileReference; fileEncoding = 4; lastKnownFileType = file.xib; path = ShowEventTableViewCell.xib; sourceTree = "<group>"; };
		992F713A1AC9F5010002E275 /* drink_icon.png */ = {isa = PBXFileReference; lastKnownFileType = image.png; path = drink_icon.png; sourceTree = "<group>"; };
		992F713B1AC9F5010002E275 /* event_icon.png */ = {isa = PBXFileReference; lastKnownFileType = image.png; path = event_icon.png; sourceTree = "<group>"; };
		992F713C1AC9F5010002E275 /* fine_icon.png */ = {isa = PBXFileReference; lastKnownFileType = image.png; path = fine_icon.png; sourceTree = "<group>"; };
		992F71401AC9F78B0002E275 /* ShowEventViewController.swift */ = {isa = PBXFileReference; fileEncoding = 4; lastKnownFileType = sourcecode.swift; path = ShowEventViewController.swift; sourceTree = "<group>"; };
		992FD1E21AA7C086000CD5A3 /* Session.swift */ = {isa = PBXFileReference; fileEncoding = 4; lastKnownFileType = sourcecode.swift; path = Session.swift; sourceTree = "<group>"; };
		992FD21A1AA9A956000CD5A3 /* SignUpController.swift */ = {isa = PBXFileReference; fileEncoding = 4; lastKnownFileType = sourcecode.swift; path = SignUpController.swift; sourceTree = "<group>"; };
		99411CC41AB2B6220099A6E5 /* CustomCellNames.swift */ = {isa = PBXFileReference; fileEncoding = 4; lastKnownFileType = sourcecode.swift; path = CustomCellNames.swift; sourceTree = "<group>"; };
		99411CFA1AB2D4B30099A6E5 /* Main.storyboard */ = {isa = PBXFileReference; fileEncoding = 4; lastKnownFileType = file.storyboard; path = Main.storyboard; sourceTree = "<group>"; };
		99495F481ABB2FCB001A4744 /* ClubTabBarController.swift */ = {isa = PBXFileReference; fileEncoding = 4; lastKnownFileType = sourcecode.swift; name = ClubTabBarController.swift; path = ../ClubTabBarController.swift; sourceTree = "<group>"; };
		99495F4A1ABB304E001A4744 /* EventViewController.swift */ = {isa = PBXFileReference; fileEncoding = 4; lastKnownFileType = sourcecode.swift; path = EventViewController.swift; sourceTree = "<group>"; };
		99495F4C1ABBECC3001A4744 /* DrinkViewController.swift */ = {isa = PBXFileReference; fileEncoding = 4; lastKnownFileType = sourcecode.swift; path = DrinkViewController.swift; sourceTree = "<group>"; };
		99495F4E1ABBECCF001A4744 /* FineViewController.swift */ = {isa = PBXFileReference; fileEncoding = 4; lastKnownFileType = sourcecode.swift; path = FineViewController.swift; sourceTree = "<group>"; };
		99495F501ABBFC5D001A4744 /* CreateEventViewController.swift */ = {isa = PBXFileReference; fileEncoding = 4; lastKnownFileType = sourcecode.swift; path = CreateEventViewController.swift; sourceTree = "<group>"; };
		99495F581ABC2DCA001A4744 /* DrinkTableViewCell.swift */ = {isa = PBXFileReference; fileEncoding = 4; lastKnownFileType = sourcecode.swift; path = DrinkTableViewCell.swift; sourceTree = "<group>"; };
		99495F591ABC2DCA001A4744 /* DrinkTableViewCell.xib */ = {isa = PBXFileReference; fileEncoding = 4; lastKnownFileType = file.xib; path = DrinkTableViewCell.xib; sourceTree = "<group>"; };
		99495F5C1ABC37DE001A4744 /* FineTableViewCell.swift */ = {isa = PBXFileReference; fileEncoding = 4; lastKnownFileType = sourcecode.swift; path = FineTableViewCell.swift; sourceTree = "<group>"; };
		99495F5D1ABC37DE001A4744 /* FineTableViewCell.xib */ = {isa = PBXFileReference; fileEncoding = 4; lastKnownFileType = file.xib; path = FineTableViewCell.xib; sourceTree = "<group>"; };
		99495F601AC1C658001A4744 /* CreateDrinkViewController.swift */ = {isa = PBXFileReference; fileEncoding = 4; lastKnownFileType = sourcecode.swift; path = CreateDrinkViewController.swift; sourceTree = "<group>"; };
		99495FC01AC54192001A4744 /* CreateFineViewController.swift */ = {isa = PBXFileReference; fileEncoding = 4; lastKnownFileType = sourcecode.swift; path = CreateFineViewController.swift; sourceTree = "<group>"; };
		998546201AA6640100E56612 /* AlleNeune.app */ = {isa = PBXFileReference; explicitFileType = wrapper.application; includeInIndex = 0; path = AlleNeune.app; sourceTree = BUILT_PRODUCTS_DIR; };
		998546241AA6640100E56612 /* Info.plist */ = {isa = PBXFileReference; lastKnownFileType = text.plist.xml; path = Info.plist; sourceTree = "<group>"; };
		998546251AA6640100E56612 /* AppDelegate.swift */ = {isa = PBXFileReference; lastKnownFileType = sourcecode.swift; path = AppDelegate.swift; sourceTree = "<group>"; };
		9985462C1AA6640100E56612 /* Images.xcassets */ = {isa = PBXFileReference; lastKnownFileType = folder.assetcatalog; path = Images.xcassets; sourceTree = "<group>"; };
		9985462F1AA6640100E56612 /* Base */ = {isa = PBXFileReference; lastKnownFileType = file.xib; name = Base; path = Base.lproj/LaunchScreen.xib; sourceTree = "<group>"; };
		998546351AA6640100E56612 /* AlleNeuneTests.xctest */ = {isa = PBXFileReference; explicitFileType = wrapper.cfbundle; includeInIndex = 0; path = AlleNeuneTests.xctest; sourceTree = BUILT_PRODUCTS_DIR; };
		9985463A1AA6640100E56612 /* Info.plist */ = {isa = PBXFileReference; lastKnownFileType = text.plist.xml; path = Info.plist; sourceTree = "<group>"; };
		9985463B1AA6640100E56612 /* AlleNeuneTests.swift */ = {isa = PBXFileReference; lastKnownFileType = sourcecode.swift; path = AlleNeuneTests.swift; sourceTree = "<group>"; };
		998546451AA6666500E56612 /* SwiftyJSON.swift */ = {isa = PBXFileReference; fileEncoding = 4; lastKnownFileType = sourcecode.swift; path = SwiftyJSON.swift; sourceTree = "<group>"; };
		9985688D1AA9FFCE002905F2 /* SessionLogin.swift */ = {isa = PBXFileReference; fileEncoding = 4; lastKnownFileType = sourcecode.swift; path = SessionLogin.swift; sourceTree = "<group>"; };
		9985688F1AAA185E002905F2 /* PhoneNumberController.swift */ = {isa = PBXFileReference; fileEncoding = 4; lastKnownFileType = sourcecode.swift; path = PhoneNumberController.swift; sourceTree = "<group>"; };
		998568951AAF74E1002905F2 /* MyTextField.swift */ = {isa = PBXFileReference; fileEncoding = 4; lastKnownFileType = sourcecode.swift; path = MyTextField.swift; sourceTree = "<group>"; };
		998568991AAF75DD002905F2 /* MyViewController.swift */ = {isa = PBXFileReference; fileEncoding = 4; lastKnownFileType = sourcecode.swift; path = MyViewController.swift; sourceTree = "<group>"; };
		998568A11AAF898E002905F2 /* de */ = {isa = PBXFileReference; lastKnownFileType = text.plist.strings; name = de; path = de.lproj/LaunchScreen.strings; sourceTree = "<group>"; };
		998568A31AAF8998002905F2 /* Base */ = {isa = PBXFileReference; lastKnownFileType = file.xib; name = Base; path = Base.lproj/UserHomeController.xib; sourceTree = "<group>"; };
		998568A81AAF89B4002905F2 /* de */ = {isa = PBXFileReference; lastKnownFileType = text.plist.strings; name = de; path = de.lproj/UserHomeController.strings; sourceTree = "<group>"; };
		998568B61AAF8ABE002905F2 /* en */ = {isa = PBXFileReference; lastKnownFileType = text.plist.strings; name = en; path = en.lproj/Localizable.strings; sourceTree = "<group>"; };
		998568B81AAF8ABF002905F2 /* de */ = {isa = PBXFileReference; lastKnownFileType = text.plist.strings; name = de; path = de.lproj/Localizable.strings; sourceTree = "<group>"; };
		998568BA1AAF918F002905F2 /* XIBNames.swift */ = {isa = PBXFileReference; fileEncoding = 4; lastKnownFileType = sourcecode.swift; path = XIBNames.swift; sourceTree = "<group>"; };
		99C3CDE11AA9B95D00941CD4 /* Utils.swift */ = {isa = PBXFileReference; fileEncoding = 4; lastKnownFileType = sourcecode.swift; path = Utils.swift; sourceTree = "<group>"; };
		99C3CDE31AA9C2BA00941CD4 /* UIHelper.swift */ = {isa = PBXFileReference; fileEncoding = 4; lastKnownFileType = sourcecode.swift; path = UIHelper.swift; sourceTree = "<group>"; };
		99C3CDE51AA9C89400941CD4 /* UserHomeController.swift */ = {isa = PBXFileReference; fileEncoding = 4; lastKnownFileType = sourcecode.swift; path = UserHomeController.swift; sourceTree = "<group>"; };
		99C8D55E1AA7008D00D3EF7D /* SessionService.swift */ = {isa = PBXFileReference; fileEncoding = 4; lastKnownFileType = sourcecode.swift; path = SessionService.swift; sourceTree = "<group>"; };
		99C8D5601AA700A800D3EF7D /* ApiPostHandler.swift */ = {isa = PBXFileReference; fileEncoding = 4; lastKnownFileType = sourcecode.swift; path = ApiPostHandler.swift; sourceTree = "<group>"; };
		99C8D5901AA707A900D3EF7D /* PostResponse.swift */ = {isa = PBXFileReference; fileEncoding = 4; lastKnownFileType = sourcecode.swift; path = PostResponse.swift; sourceTree = "<group>"; };
		99D3EF6F1AE00C6700A952F0 /* SegueNames.swift */ = {isa = PBXFileReference; fileEncoding = 4; lastKnownFileType = sourcecode.swift; path = SegueNames.swift; sourceTree = "<group>"; };
/* End PBXFileReference section */

/* Begin PBXFrameworksBuildPhase section */
		9985461D1AA6640100E56612 /* Frameworks */ = {
			isa = PBXFrameworksBuildPhase;
			buildActionMask = 2147483647;
			files = (
			);
			runOnlyForDeploymentPostprocessing = 0;
		};
		998546321AA6640100E56612 /* Frameworks */ = {
			isa = PBXFrameworksBuildPhase;
			buildActionMask = 2147483647;
			files = (
			);
			runOnlyForDeploymentPostprocessing = 0;
		};
/* End PBXFrameworksBuildPhase section */

/* Begin PBXGroup section */
		549A3752D624D33D4B4CF667 /* Enums */ = {
			isa = PBXGroup;
			children = (
				549A33BB07090953C2F26E9F /* UserValidity.swift */,
				9985688D1AA9FFCE002905F2 /* SessionLogin.swift */,
				998568BA1AAF918F002905F2 /* XIBNames.swift */,
				9908C6611AB02EA5007F8679 /* ApiCall.swift */,
				99411CC41AB2B6220099A6E5 /* CustomCellNames.swift */,
				99D3EF6F1AE00C6700A952F0 /* SegueNames.swift */,
			);
			path = Enums;
			sourceTree = "<group>";
		};
		992FD1DD1AA7BF9A000CD5A3 /* Services */ = {
			isa = PBXGroup;
			children = (
				99C8D55E1AA7008D00D3EF7D /* SessionService.swift */,
				549A3B065C635162DCF5142A /* UserService.swift */,
				9908C65B1AB02DA0007F8679 /* FineService.swift */,
				9908C65D1AB02DA7007F8679 /* DrinkService.swift */,
				9908C65F1AB02DB0007F8679 /* EventService.swift */,
			);
			name = Services;
			sourceTree = "<group>";
		};
		992FD1DE1AA7BFAF000CD5A3 /* ApiHelper */ = {
			isa = PBXGroup;
			children = (
				99C8D5901AA707A900D3EF7D /* PostResponse.swift */,
				99C8D5601AA700A800D3EF7D /* ApiPostHandler.swift */,
			);
			name = ApiHelper;
			sourceTree = "<group>";
		};
		992FD1DF1AA7BFC4000CD5A3 /* HelperClasses */ = {
			isa = PBXGroup;
			children = (
				998546451AA6666500E56612 /* SwiftyJSON.swift */,
				99C3CDE11AA9B95D00941CD4 /* Utils.swift */,
				99C3CDE31AA9C2BA00941CD4 /* UIHelper.swift */,
			);
			name = HelperClasses;
			sourceTree = "<group>";
		};
		992FD1E01AA7BFE0000CD5A3 /* ViewController */ = {
			isa = PBXGroup;
			children = (
				99495F4E1ABBECCF001A4744 /* FineViewController.swift */,
				99495F4C1ABBECC3001A4744 /* DrinkViewController.swift */,
				99495F481ABB2FCB001A4744 /* ClubTabBarController.swift */,
				99C3CDE51AA9C89400941CD4 /* UserHomeController.swift */,
				992FD21A1AA9A956000CD5A3 /* SignUpController.swift */,
				9985688F1AAA185E002905F2 /* PhoneNumberController.swift */,
				99495F4A1ABB304E001A4744 /* EventViewController.swift */,
				9908C6371AAFA5BF007F8679 /* LoginController.swift */,
				99495F501ABBFC5D001A4744 /* CreateEventViewController.swift */,
				99495F601AC1C658001A4744 /* CreateDrinkViewController.swift */,
				99495FC01AC54192001A4744 /* CreateFineViewController.swift */,
				992F71401AC9F78B0002E275 /* ShowEventViewController.swift */,
			);
			name = ViewController;
			sourceTree = "<group>";
		};
		992FD1E11AA7C070000CD5A3 /* ApiStructs */ = {
			isa = PBXGroup;
			children = (
				992FD1E21AA7C086000CD5A3 /* Session.swift */,
				549A3FD1E297F9127D8F6819 /* Club.swift */,
				549A3B8F1082B2855CF6DBFD /* Drink.swift */,
				549A3AF8F105B5CC9E4CCD39 /* DrinkPayment.swift */,
				549A36D2ABD5CABFA77DB7C1 /* Event.swift */,
				549A307D97DAEACE01BF4CDD /* FinePayment.swift */,
				549A3816AEADFE9D9B62F2B4 /* User.swift */,
				549A35F3311CD6F6FECFF4C4 /* Fine.swift */,
			);
			name = ApiStructs;
			sourceTree = "<group>";
		};
		99411CC21AB1FF620099A6E5 /* CellLayouts */ = {
			isa = PBXGroup;
			children = (
				992F71371AC9F45F0002E275 /* ShowEventTableViewCell.xib */,
				99495F5D1ABC37DE001A4744 /* FineTableViewCell.xib */,
				99495F591ABC2DCA001A4744 /* DrinkTableViewCell.xib */,
				9908C6641AB080AC007F8679 /* EventTableViewCell.xib */,
			);
			name = CellLayouts;
			sourceTree = "<group>";
		};
		99411CC31AB235360099A6E5 /* CellClasses */ = {
			isa = PBXGroup;
			children = (
				99495F5C1ABC37DE001A4744 /* FineTableViewCell.swift */,
				99495F581ABC2DCA001A4744 /* DrinkTableViewCell.swift */,
				9908C6631AB080AC007F8679 /* EventTableViewCell.swift */,
				992F71361AC9F45F0002E275 /* ShowEventTableViewCell.swift */,
			);
			name = CellClasses;
			sourceTree = "<group>";
		};
		997EF32D1AA9ADA3006A7461 /* Layouts */ = {
			isa = PBXGroup;
			children = (
				99411CFA1AB2D4B30099A6E5 /* Main.storyboard */,
				998568A41AAF8998002905F2 /* UserHomeController.xib */,
			);
			name = Layouts;
			sourceTree = "<group>";
		};
		998546171AA6640100E56612 = {
			isa = PBXGroup;
			children = (
				998568B71AAF8ABE002905F2 /* Localizable.strings */,
				998546221AA6640100E56612 /* AlleNeune */,
				998546381AA6640100E56612 /* AlleNeuneTests */,
				998546211AA6640100E56612 /* Products */,
			);
			sourceTree = "<group>";
		};
		998546211AA6640100E56612 /* Products */ = {
			isa = PBXGroup;
			children = (
				998546201AA6640100E56612 /* AlleNeune.app */,
				998546351AA6640100E56612 /* AlleNeuneTests.xctest */,
			);
			name = Products;
			sourceTree = "<group>";
		};
		998546221AA6640100E56612 /* AlleNeune */ = {
			isa = PBXGroup;
			children = (
				998568B91AAF9051002905F2 /* MyUIComponents */,
				992FD1DD1AA7BF9A000CD5A3 /* Services */,
				997EF32D1AA9ADA3006A7461 /* Layouts */,
				992FD1E11AA7C070000CD5A3 /* ApiStructs */,
				992FD1E01AA7BFE0000CD5A3 /* ViewController */,
				992FD1DF1AA7BFC4000CD5A3 /* HelperClasses */,
				992FD1DE1AA7BFAF000CD5A3 /* ApiHelper */,
				998546251AA6640100E56612 /* AppDelegate.swift */,
				549A3752D624D33D4B4CF667 /* Enums */,
				9985462C1AA6640100E56612 /* Images.xcassets */,
				9985462E1AA6640100E56612 /* LaunchScreen.xib */,
				998546231AA6640100E56612 /* Supporting Files */,
			);
			path = AlleNeune;
			sourceTree = "<group>";
		};
		998546231AA6640100E56612 /* Supporting Files */ = {
			isa = PBXGroup;
			children = (
				992F713A1AC9F5010002E275 /* drink_icon.png */,
				992F713B1AC9F5010002E275 /* event_icon.png */,
				992F713C1AC9F5010002E275 /* fine_icon.png */,
				998546241AA6640100E56612 /* Info.plist */,
			);
			name = "Supporting Files";
			sourceTree = "<group>";
		};
		998546381AA6640100E56612 /* AlleNeuneTests */ = {
			isa = PBXGroup;
			children = (
				9985463B1AA6640100E56612 /* AlleNeuneTests.swift */,
				998546391AA6640100E56612 /* Supporting Files */,
			);
			path = AlleNeuneTests;
			sourceTree = "<group>";
		};
		998546391AA6640100E56612 /* Supporting Files */ = {
			isa = PBXGroup;
			children = (
				9985463A1AA6640100E56612 /* Info.plist */,
			);
			name = "Supporting Files";
			sourceTree = "<group>";
		};
		998568B91AAF9051002905F2 /* MyUIComponents */ = {
			isa = PBXGroup;
			children = (
				99411CC31AB235360099A6E5 /* CellClasses */,
				99411CC21AB1FF620099A6E5 /* CellLayouts */,
				998568951AAF74E1002905F2 /* MyTextField.swift */,
				998568991AAF75DD002905F2 /* MyViewController.swift */,
			);
			name = MyUIComponents;
			sourceTree = "<group>";
		};
/* End PBXGroup section */

/* Begin PBXNativeTarget section */
		9985461F1AA6640100E56612 /* AlleNeune */ = {
			isa = PBXNativeTarget;
			buildConfigurationList = 9985463F1AA6640100E56612 /* Build configuration list for PBXNativeTarget "AlleNeune" */;
			buildPhases = (
				9985461C1AA6640100E56612 /* Sources */,
				9985461D1AA6640100E56612 /* Frameworks */,
				9985461E1AA6640100E56612 /* Resources */,
			);
			buildRules = (
			);
			dependencies = (
			);
			name = AlleNeune;
			productName = AlleNeune;
			productReference = 998546201AA6640100E56612 /* AlleNeune.app */;
			productType = "com.apple.product-type.application";
		};
		998546341AA6640100E56612 /* AlleNeuneTests */ = {
			isa = PBXNativeTarget;
			buildConfigurationList = 998546421AA6640100E56612 /* Build configuration list for PBXNativeTarget "AlleNeuneTests" */;
			buildPhases = (
				998546311AA6640100E56612 /* Sources */,
				998546321AA6640100E56612 /* Frameworks */,
				998546331AA6640100E56612 /* Resources */,
			);
			buildRules = (
			);
			dependencies = (
				998546371AA6640100E56612 /* PBXTargetDependency */,
			);
			name = AlleNeuneTests;
			productName = AlleNeuneTests;
			productReference = 998546351AA6640100E56612 /* AlleNeuneTests.xctest */;
			productType = "com.apple.product-type.bundle.unit-test";
		};
/* End PBXNativeTarget section */

/* Begin PBXProject section */
		998546181AA6640100E56612 /* Project object */ = {
			isa = PBXProject;
			attributes = {
				LastUpgradeCheck = 0610;
				ORGANIZATIONNAME = "Patrick Engelkes";
				TargetAttributes = {
					9985461F1AA6640100E56612 = {
						CreatedOnToolsVersion = 6.1.1;
					};
					998546341AA6640100E56612 = {
						CreatedOnToolsVersion = 6.1.1;
						TestTargetID = 9985461F1AA6640100E56612;
					};
				};
			};
			buildConfigurationList = 9985461B1AA6640100E56612 /* Build configuration list for PBXProject "AlleNeune" */;
			compatibilityVersion = "Xcode 3.2";
			developmentRegion = English;
			hasScannedForEncodings = 0;
			knownRegions = (
				en,
				Base,
				de,
			);
			mainGroup = 998546171AA6640100E56612;
			productRefGroup = 998546211AA6640100E56612 /* Products */;
			projectDirPath = "";
			projectRoot = "";
			targets = (
				9985461F1AA6640100E56612 /* AlleNeune */,
				998546341AA6640100E56612 /* AlleNeuneTests */,
			);
		};
/* End PBXProject section */

/* Begin PBXResourcesBuildPhase section */
		9985461E1AA6640100E56612 /* Resources */ = {
			isa = PBXResourcesBuildPhase;
			buildActionMask = 2147483647;
			files = (
				9908C6661AB080AC007F8679 /* EventTableViewCell.xib in Resources */,
				99411CFB1AB2D4B30099A6E5 /* Main.storyboard in Resources */,
				998568A21AAF8998002905F2 /* UserHomeController.xib in Resources */,
				992F713D1AC9F5010002E275 /* drink_icon.png in Resources */,
				99495F5F1ABC37DE001A4744 /* FineTableViewCell.xib in Resources */,
				992F713E1AC9F5010002E275 /* event_icon.png in Resources */,
				992F713F1AC9F5010002E275 /* fine_icon.png in Resources */,
				998546301AA6640100E56612 /* LaunchScreen.xib in Resources */,
				998568B51AAF8ABE002905F2 /* Localizable.strings in Resources */,
				9985462D1AA6640100E56612 /* Images.xcassets in Resources */,
				992F71391AC9F45F0002E275 /* ShowEventTableViewCell.xib in Resources */,
				99495F5B1ABC2DCA001A4744 /* DrinkTableViewCell.xib in Resources */,
			);
			runOnlyForDeploymentPostprocessing = 0;
		};
		998546331AA6640100E56612 /* Resources */ = {
			isa = PBXResourcesBuildPhase;
			buildActionMask = 2147483647;
			files = (
			);
			runOnlyForDeploymentPostprocessing = 0;
		};
/* End PBXResourcesBuildPhase section */

/* Begin PBXSourcesBuildPhase section */
		9985461C1AA6640100E56612 /* Sources */ = {
			isa = PBXSourcesBuildPhase;
			buildActionMask = 2147483647;
			files = (
				998568BB1AAF918F002905F2 /* XIBNames.swift in Sources */,
				998546461AA6666500E56612 /* SwiftyJSON.swift in Sources */,
				998568961AAF74E1002905F2 /* MyTextField.swift in Sources */,
				9908C6391AAFA5BF007F8679 /* LoginController.swift in Sources */,
				9908C65C1AB02DA0007F8679 /* FineService.swift in Sources */,
				99495F611AC1C658001A4744 /* CreateDrinkViewController.swift in Sources */,
				992F71411AC9F78B0002E275 /* ShowEventViewController.swift in Sources */,
				99495FC11AC54192001A4744 /* CreateFineViewController.swift in Sources */,
				99C3CDE41AA9C2BA00941CD4 /* UIHelper.swift in Sources */,
				9985688E1AA9FFCE002905F2 /* SessionLogin.swift in Sources */,
				99C8D5611AA700A800D3EF7D /* ApiPostHandler.swift in Sources */,
				99C8D55F1AA7008D00D3EF7D /* SessionService.swift in Sources */,
				99C8D5911AA707A900D3EF7D /* PostResponse.swift in Sources */,
				99495F491ABB2FCB001A4744 /* ClubTabBarController.swift in Sources */,
				998546261AA6640100E56612 /* AppDelegate.swift in Sources */,
				9908C6651AB080AC007F8679 /* EventTableViewCell.swift in Sources */,
				99D3EF701AE00C6700A952F0 /* SegueNames.swift in Sources */,
				992FD1E31AA7C086000CD5A3 /* Session.swift in Sources */,
				549A3A4833195ED9C735B733 /* Club.swift in Sources */,
				99495F4F1ABBECCF001A4744 /* FineViewController.swift in Sources */,
				99495F4D1ABBECC3001A4744 /* DrinkViewController.swift in Sources */,
				549A341D6C6D6FEA54AFBBCF /* Drink.swift in Sources */,
				9985689A1AAF75DD002905F2 /* MyViewController.swift in Sources */,
				9908C65E1AB02DA7007F8679 /* DrinkService.swift in Sources */,
				549A38966F44FF8A21E38BE1 /* DrinkPayment.swift in Sources */,
				99C3CDE71AA9C89400941CD4 /* UserHomeController.swift in Sources */,
				992FD21C1AA9A956000CD5A3 /* SignUpController.swift in Sources */,
				99411CC51AB2B6220099A6E5 /* CustomCellNames.swift in Sources */,
				549A3CCD4B2692F9B32DFC15 /* Event.swift in Sources */,
				549A3A0266ECEE31302FBF80 /* FinePayment.swift in Sources */,
				549A3C316575B9A2851D4C9B /* User.swift in Sources */,
				549A30F6DA8754A08B88C598 /* Fine.swift in Sources */,
				9908C6601AB02DB0007F8679 /* EventService.swift in Sources */,
				549A3016417E6D3852B6ABEA /* UserService.swift in Sources */,
				99495F5A1ABC2DCA001A4744 /* DrinkTableViewCell.swift in Sources */,
				998568911AAA185E002905F2 /* PhoneNumberController.swift in Sources */,
				992F71381AC9F45F0002E275 /* ShowEventTableViewCell.swift in Sources */,
				99C3CDE21AA9B95D00941CD4 /* Utils.swift in Sources */,
				99495F5E1ABC37DE001A4744 /* FineTableViewCell.swift in Sources */,
				9908C6621AB02EA5007F8679 /* ApiCall.swift in Sources */,
				549A384E3B8DF793B73C791F /* UserValidity.swift in Sources */,
				99495F4B1ABB304E001A4744 /* EventViewController.swift in Sources */,
				99495F511ABBFC5D001A4744 /* CreateEventViewController.swift in Sources */,
			);
			runOnlyForDeploymentPostprocessing = 0;
		};
		998546311AA6640100E56612 /* Sources */ = {
			isa = PBXSourcesBuildPhase;
			buildActionMask = 2147483647;
			files = (
				9985463C1AA6640100E56612 /* AlleNeuneTests.swift in Sources */,
			);
			runOnlyForDeploymentPostprocessing = 0;
		};
/* End PBXSourcesBuildPhase section */

/* Begin PBXTargetDependency section */
		998546371AA6640100E56612 /* PBXTargetDependency */ = {
			isa = PBXTargetDependency;
			target = 9985461F1AA6640100E56612 /* AlleNeune */;
			targetProxy = 998546361AA6640100E56612 /* PBXContainerItemProxy */;
		};
/* End PBXTargetDependency section */

/* Begin PBXVariantGroup section */
		9985462E1AA6640100E56612 /* LaunchScreen.xib */ = {
			isa = PBXVariantGroup;
			children = (
				9985462F1AA6640100E56612 /* Base */,
				998568A11AAF898E002905F2 /* de */,
			);
			name = LaunchScreen.xib;
			sourceTree = "<group>";
		};
		998568A41AAF8998002905F2 /* UserHomeController.xib */ = {
			isa = PBXVariantGroup;
			children = (
				998568A31AAF8998002905F2 /* Base */,
				998568A81AAF89B4002905F2 /* de */,
			);
			name = UserHomeController.xib;
			sourceTree = "<group>";
		};
		998568B71AAF8ABE002905F2 /* Localizable.strings */ = {
			isa = PBXVariantGroup;
			children = (
				998568B61AAF8ABE002905F2 /* en */,
				998568B81AAF8ABF002905F2 /* de */,
			);
			name = Localizable.strings;
			sourceTree = "<group>";
		};
/* End PBXVariantGroup section */

/* Begin XCBuildConfiguration section */
		9985463D1AA6640100E56612 /* Debug */ = {
			isa = XCBuildConfiguration;
			buildSettings = {
				ALWAYS_SEARCH_USER_PATHS = NO;
				CLANG_CXX_LANGUAGE_STANDARD = "gnu++0x";
				CLANG_CXX_LIBRARY = "libc++";
				CLANG_ENABLE_MODULES = YES;
				CLANG_ENABLE_OBJC_ARC = YES;
				CLANG_WARN_BOOL_CONVERSION = YES;
				CLANG_WARN_CONSTANT_CONVERSION = YES;
				CLANG_WARN_DIRECT_OBJC_ISA_USAGE = YES_ERROR;
				CLANG_WARN_EMPTY_BODY = YES;
				CLANG_WARN_ENUM_CONVERSION = YES;
				CLANG_WARN_INT_CONVERSION = YES;
				CLANG_WARN_OBJC_ROOT_CLASS = YES_ERROR;
				CLANG_WARN_UNREACHABLE_CODE = YES;
				CLANG_WARN__DUPLICATE_METHOD_MATCH = YES;
				"CODE_SIGN_IDENTITY[sdk=iphoneos*]" = "iPhone Developer";
				COPY_PHASE_STRIP = NO;
				ENABLE_STRICT_OBJC_MSGSEND = YES;
				GCC_C_LANGUAGE_STANDARD = gnu99;
				GCC_DYNAMIC_NO_PIC = NO;
				GCC_OPTIMIZATION_LEVEL = 0;
				GCC_PREPROCESSOR_DEFINITIONS = (
					"DEBUG=1",
					"$(inherited)",
				);
				GCC_SYMBOLS_PRIVATE_EXTERN = NO;
				GCC_WARN_64_TO_32_BIT_CONVERSION = YES;
				GCC_WARN_ABOUT_RETURN_TYPE = YES_ERROR;
				GCC_WARN_UNDECLARED_SELECTOR = YES;
				GCC_WARN_UNINITIALIZED_AUTOS = YES_AGGRESSIVE;
				GCC_WARN_UNUSED_FUNCTION = YES;
				GCC_WARN_UNUSED_VARIABLE = YES;
				IPHONEOS_DEPLOYMENT_TARGET = 8.1;
				MTL_ENABLE_DEBUG_INFO = YES;
				ONLY_ACTIVE_ARCH = YES;
				SDKROOT = iphoneos;
				SWIFT_OPTIMIZATION_LEVEL = "-Onone";
			};
			name = Debug;
		};
		9985463E1AA6640100E56612 /* Release */ = {
			isa = XCBuildConfiguration;
			buildSettings = {
				ALWAYS_SEARCH_USER_PATHS = NO;
				CLANG_CXX_LANGUAGE_STANDARD = "gnu++0x";
				CLANG_CXX_LIBRARY = "libc++";
				CLANG_ENABLE_MODULES = YES;
				CLANG_ENABLE_OBJC_ARC = YES;
				CLANG_WARN_BOOL_CONVERSION = YES;
				CLANG_WARN_CONSTANT_CONVERSION = YES;
				CLANG_WARN_DIRECT_OBJC_ISA_USAGE = YES_ERROR;
				CLANG_WARN_EMPTY_BODY = YES;
				CLANG_WARN_ENUM_CONVERSION = YES;
				CLANG_WARN_INT_CONVERSION = YES;
				CLANG_WARN_OBJC_ROOT_CLASS = YES_ERROR;
				CLANG_WARN_UNREACHABLE_CODE = YES;
				CLANG_WARN__DUPLICATE_METHOD_MATCH = YES;
				"CODE_SIGN_IDENTITY[sdk=iphoneos*]" = "iPhone Developer";
				COPY_PHASE_STRIP = YES;
				ENABLE_NS_ASSERTIONS = NO;
				ENABLE_STRICT_OBJC_MSGSEND = YES;
				GCC_C_LANGUAGE_STANDARD = gnu99;
				GCC_WARN_64_TO_32_BIT_CONVERSION = YES;
				GCC_WARN_ABOUT_RETURN_TYPE = YES_ERROR;
				GCC_WARN_UNDECLARED_SELECTOR = YES;
				GCC_WARN_UNINITIALIZED_AUTOS = YES_AGGRESSIVE;
				GCC_WARN_UNUSED_FUNCTION = YES;
				GCC_WARN_UNUSED_VARIABLE = YES;
				IPHONEOS_DEPLOYMENT_TARGET = 8.1;
				MTL_ENABLE_DEBUG_INFO = NO;
				SDKROOT = iphoneos;
				VALIDATE_PRODUCT = YES;
			};
			name = Release;
		};
		998546401AA6640100E56612 /* Debug */ = {
			isa = XCBuildConfiguration;
			buildSettings = {
				ASSETCATALOG_COMPILER_APPICON_NAME = AppIcon;
				INFOPLIST_FILE = AlleNeune/Info.plist;
				LD_RUNPATH_SEARCH_PATHS = "$(inherited) @executable_path/Frameworks";
				PRODUCT_NAME = "$(TARGET_NAME)";
			};
			name = Debug;
		};
		998546411AA6640100E56612 /* Release */ = {
			isa = XCBuildConfiguration;
			buildSettings = {
				ASSETCATALOG_COMPILER_APPICON_NAME = AppIcon;
				INFOPLIST_FILE = AlleNeune/Info.plist;
				LD_RUNPATH_SEARCH_PATHS = "$(inherited) @executable_path/Frameworks";
				PRODUCT_NAME = "$(TARGET_NAME)";
			};
			name = Release;
		};
		998546431AA6640100E56612 /* Debug */ = {
			isa = XCBuildConfiguration;
			buildSettings = {
				BUNDLE_LOADER = "$(TEST_HOST)";
				FRAMEWORK_SEARCH_PATHS = (
					"$(SDKROOT)/Developer/Library/Frameworks",
					"$(inherited)",
				);
				GCC_PREPROCESSOR_DEFINITIONS = (
					"DEBUG=1",
					"$(inherited)",
				);
				INFOPLIST_FILE = AlleNeuneTests/Info.plist;
				LD_RUNPATH_SEARCH_PATHS = "$(inherited) @executable_path/Frameworks @loader_path/Frameworks";
				PRODUCT_NAME = "$(TARGET_NAME)";
				TEST_HOST = "$(BUILT_PRODUCTS_DIR)/AlleNeune.app/AlleNeune";
			};
			name = Debug;
		};
		998546441AA6640100E56612 /* Release */ = {
			isa = XCBuildConfiguration;
			buildSettings = {
				BUNDLE_LOADER = "$(TEST_HOST)";
				FRAMEWORK_SEARCH_PATHS = (
					"$(SDKROOT)/Developer/Library/Frameworks",
					"$(inherited)",
				);
				INFOPLIST_FILE = AlleNeuneTests/Info.plist;
				LD_RUNPATH_SEARCH_PATHS = "$(inherited) @executable_path/Frameworks @loader_path/Frameworks";
				PRODUCT_NAME = "$(TARGET_NAME)";
				TEST_HOST = "$(BUILT_PRODUCTS_DIR)/AlleNeune.app/AlleNeune";
			};
			name = Release;
		};
/* End XCBuildConfiguration section */

/* Begin XCConfigurationList section */
		9985461B1AA6640100E56612 /* Build configuration list for PBXProject "AlleNeune" */ = {
			isa = XCConfigurationList;
			buildConfigurations = (
				9985463D1AA6640100E56612 /* Debug */,
				9985463E1AA6640100E56612 /* Release */,
			);
			defaultConfigurationIsVisible = 0;
			defaultConfigurationName = Release;
		};
		9985463F1AA6640100E56612 /* Build configuration list for PBXNativeTarget "AlleNeune" */ = {
			isa = XCConfigurationList;
			buildConfigurations = (
				998546401AA6640100E56612 /* Debug */,
				998546411AA6640100E56612 /* Release */,
			);
			defaultConfigurationIsVisible = 0;
			defaultConfigurationName = Release;
		};
		998546421AA6640100E56612 /* Build configuration list for PBXNativeTarget "AlleNeuneTests" */ = {
			isa = XCConfigurationList;
			buildConfigurations = (
				998546431AA6640100E56612 /* Debug */,
				998546441AA6640100E56612 /* Release */,
			);
			defaultConfigurationIsVisible = 0;
			defaultConfigurationName = Release;
		};
/* End XCConfigurationList section */
	};
	rootObject = 998546181AA6640100E56612 /* Project object */;
}
