// !$*UTF8*$!
{
	archiveVersion = 1;
	classes = {
	};
	objectVersion = 46;
	objects = {

/* Begin PBXBuildFile section */
		549A30F6DA8754A08B88C598 /* Fine.swift in Sources */ = {isa = PBXBuildFile; fileRef = 549A35F3311CD6F6FECFF4C4 /* Fine.swift */; };
		549A341D6C6D6FEA54AFBBCF /* Drink.swift in Sources */ = {isa = PBXBuildFile; fileRef = 549A3B8F1082B2855CF6DBFD /* Drink.swift */; };
		549A38966F44FF8A21E38BE1 /* DrinkPayment.swift in Sources */ = {isa = PBXBuildFile; fileRef = 549A3AF8F105B5CC9E4CCD39 /* DrinkPayment.swift */; };
		549A3A0266ECEE31302FBF80 /* FinePayment.swift in Sources */ = {isa = PBXBuildFile; fileRef = 549A307D97DAEACE01BF4CDD /* FinePayment.swift */; };
		549A3A4833195ED9C735B733 /* Club.swift in Sources */ = {isa = PBXBuildFile; fileRef = 549A3FD1E297F9127D8F6819 /* Club.swift */; };
		549A3C316575B9A2851D4C9B /* User.swift in Sources */ = {isa = PBXBuildFile; fileRef = 549A3816AEADFE9D9B62F2B4 /* User.swift */; };
		549A3CCD4B2692F9B32DFC15 /* Event.swift in Sources */ = {isa = PBXBuildFile; fileRef = 549A36D2ABD5CABFA77DB7C1 /* Event.swift */; };
		992FD1E31AA7C086000CD5A3 /* Session.swift in Sources */ = {isa = PBXBuildFile; fileRef = 992FD1E21AA7C086000CD5A3 /* Session.swift */; };
		998546261AA6640100E56612 /* AppDelegate.swift in Sources */ = {isa = PBXBuildFile; fileRef = 998546251AA6640100E56612 /* AppDelegate.swift */; };
		998546281AA6640100E56612 /* LoginController.swift in Sources */ = {isa = PBXBuildFile; fileRef = 998546271AA6640100E56612 /* LoginController.swift */; };
		9985462B1AA6640100E56612 /* Main.storyboard in Resources */ = {isa = PBXBuildFile; fileRef = 998546291AA6640100E56612 /* Main.storyboard */; };
		9985462D1AA6640100E56612 /* Images.xcassets in Resources */ = {isa = PBXBuildFile; fileRef = 9985462C1AA6640100E56612 /* Images.xcassets */; };
		998546301AA6640100E56612 /* LaunchScreen.xib in Resources */ = {isa = PBXBuildFile; fileRef = 9985462E1AA6640100E56612 /* LaunchScreen.xib */; };
		9985463C1AA6640100E56612 /* AlleNeuneTests.swift in Sources */ = {isa = PBXBuildFile; fileRef = 9985463B1AA6640100E56612 /* AlleNeuneTests.swift */; };
		998546461AA6666500E56612 /* SwiftyJSON.swift in Sources */ = {isa = PBXBuildFile; fileRef = 998546451AA6666500E56612 /* SwiftyJSON.swift */; };
		99C8D55F1AA7008D00D3EF7D /* SessionService.swift in Sources */ = {isa = PBXBuildFile; fileRef = 99C8D55E1AA7008D00D3EF7D /* SessionService.swift */; };
		99C8D5611AA700A800D3EF7D /* ApiPostHandler.swift in Sources */ = {isa = PBXBuildFile; fileRef = 99C8D5601AA700A800D3EF7D /* ApiPostHandler.swift */; };
		99C8D5911AA707A900D3EF7D /* PostResponse.swift in Sources */ = {isa = PBXBuildFile; fileRef = 99C8D5901AA707A900D3EF7D /* PostResponse.swift */; };
/* End PBXBuildFile section */

/* Begin PBXContainerItemProxy section */
		998546361AA6640100E56612 /* PBXContainerItemProxy */ = {
			isa = PBXContainerItemProxy;
			containerPortal = 998546181AA6640100E56612 /* Project object */;
			proxyType = 1;
			remoteGlobalIDString = 9985461F1AA6640100E56612;
			remoteInfo = AlleNeune;
		};
/* End PBXContainerItemProxy section */

/* Begin PBXFileReference section */
		549A307D97DAEACE01BF4CDD /* FinePayment.swift */ = {isa = PBXFileReference; fileEncoding = 4; lastKnownFileType = sourcecode.swift; path = FinePayment.swift; sourceTree = "<group>"; };
		549A35F3311CD6F6FECFF4C4 /* Fine.swift */ = {isa = PBXFileReference; fileEncoding = 4; lastKnownFileType = sourcecode.swift; path = Fine.swift; sourceTree = "<group>"; };
		549A36D2ABD5CABFA77DB7C1 /* Event.swift */ = {isa = PBXFileReference; fileEncoding = 4; lastKnownFileType = sourcecode.swift; path = Event.swift; sourceTree = "<group>"; };
		549A3816AEADFE9D9B62F2B4 /* User.swift */ = {isa = PBXFileReference; fileEncoding = 4; lastKnownFileType = sourcecode.swift; path = User.swift; sourceTree = "<group>"; };
		549A3AF8F105B5CC9E4CCD39 /* DrinkPayment.swift */ = {isa = PBXFileReference; fileEncoding = 4; lastKnownFileType = sourcecode.swift; path = DrinkPayment.swift; sourceTree = "<group>"; };
		549A3B8F1082B2855CF6DBFD /* Drink.swift */ = {isa = PBXFileReference; fileEncoding = 4; lastKnownFileType = sourcecode.swift; path = Drink.swift; sourceTree = "<group>"; };
		549A3FD1E297F9127D8F6819 /* Club.swift */ = {isa = PBXFileReference; fileEncoding = 4; lastKnownFileType = sourcecode.swift; path = Club.swift; sourceTree = "<group>"; };
		992FD1E21AA7C086000CD5A3 /* Session.swift */ = {isa = PBXFileReference; fileEncoding = 4; lastKnownFileType = sourcecode.swift; path = Session.swift; sourceTree = "<group>"; };
		998546201AA6640100E56612 /* AlleNeune.app */ = {isa = PBXFileReference; explicitFileType = wrapper.application; includeInIndex = 0; path = AlleNeune.app; sourceTree = BUILT_PRODUCTS_DIR; };
		998546241AA6640100E56612 /* Info.plist */ = {isa = PBXFileReference; lastKnownFileType = text.plist.xml; path = Info.plist; sourceTree = "<group>"; };
		998546251AA6640100E56612 /* AppDelegate.swift */ = {isa = PBXFileReference; lastKnownFileType = sourcecode.swift; path = AppDelegate.swift; sourceTree = "<group>"; };
		998546271AA6640100E56612 /* LoginController.swift */ = {isa = PBXFileReference; lastKnownFileType = sourcecode.swift; path = LoginController.swift; sourceTree = "<group>"; };
		9985462A1AA6640100E56612 /* Base */ = {isa = PBXFileReference; lastKnownFileType = file.storyboard; name = Base; path = Base.lproj/Main.storyboard; sourceTree = "<group>"; };
		9985462C1AA6640100E56612 /* Images.xcassets */ = {isa = PBXFileReference; lastKnownFileType = folder.assetcatalog; path = Images.xcassets; sourceTree = "<group>"; };
		9985462F1AA6640100E56612 /* Base */ = {isa = PBXFileReference; lastKnownFileType = file.xib; name = Base; path = Base.lproj/LaunchScreen.xib; sourceTree = "<group>"; };
		998546351AA6640100E56612 /* AlleNeuneTests.xctest */ = {isa = PBXFileReference; explicitFileType = wrapper.cfbundle; includeInIndex = 0; path = AlleNeuneTests.xctest; sourceTree = BUILT_PRODUCTS_DIR; };
		9985463A1AA6640100E56612 /* Info.plist */ = {isa = PBXFileReference; lastKnownFileType = text.plist.xml; path = Info.plist; sourceTree = "<group>"; };
		9985463B1AA6640100E56612 /* AlleNeuneTests.swift */ = {isa = PBXFileReference; lastKnownFileType = sourcecode.swift; path = AlleNeuneTests.swift; sourceTree = "<group>"; };
		998546451AA6666500E56612 /* SwiftyJSON.swift */ = {isa = PBXFileReference; fileEncoding = 4; lastKnownFileType = sourcecode.swift; path = SwiftyJSON.swift; sourceTree = "<group>"; };
		99C8D55E1AA7008D00D3EF7D /* SessionService.swift */ = {isa = PBXFileReference; fileEncoding = 4; lastKnownFileType = sourcecode.swift; path = SessionService.swift; sourceTree = "<group>"; };
		99C8D5601AA700A800D3EF7D /* ApiPostHandler.swift */ = {isa = PBXFileReference; fileEncoding = 4; lastKnownFileType = sourcecode.swift; path = ApiPostHandler.swift; sourceTree = "<group>"; };
		99C8D5901AA707A900D3EF7D /* PostResponse.swift */ = {isa = PBXFileReference; fileEncoding = 4; lastKnownFileType = sourcecode.swift; path = PostResponse.swift; sourceTree = "<group>"; };
/* End PBXFileReference section */

/* Begin PBXFrameworksBuildPhase section */
		9985461D1AA6640100E56612 /* Frameworks */ = {
			isa = PBXFrameworksBuildPhase;
			buildActionMask = 2147483647;
			files = (
			);
			runOnlyForDeploymentPostprocessing = 0;
		};
		998546321AA6640100E56612 /* Frameworks */ = {
			isa = PBXFrameworksBuildPhase;
			buildActionMask = 2147483647;
			files = (
			);
			runOnlyForDeploymentPostprocessing = 0;
		};
/* End PBXFrameworksBuildPhase section */

/* Begin PBXGroup section */
		992FD1DD1AA7BF9A000CD5A3 /* Services */ = {
			isa = PBXGroup;
			children = (
				99C8D55E1AA7008D00D3EF7D /* SessionService.swift */,
			);
			name = Services;
			sourceTree = "<group>";
		};
		992FD1DE1AA7BFAF000CD5A3 /* ApiHelper */ = {
			isa = PBXGroup;
			children = (
				99C8D5901AA707A900D3EF7D /* PostResponse.swift */,
				99C8D5601AA700A800D3EF7D /* ApiPostHandler.swift */,
			);
			name = ApiHelper;
			sourceTree = "<group>";
		};
		992FD1DF1AA7BFC4000CD5A3 /* HelperLibs */ = {
			isa = PBXGroup;
			children = (
				998546451AA6666500E56612 /* SwiftyJSON.swift */,
			);
			name = HelperLibs;
			sourceTree = "<group>";
		};
		992FD1E01AA7BFE0000CD5A3 /* ViewController */ = {
			isa = PBXGroup;
			children = (
				998546271AA6640100E56612 /* LoginController.swift */,
			);
			name = ViewController;
			sourceTree = "<group>";
		};
		992FD1E11AA7C070000CD5A3 /* ApiStructs */ = {
			isa = PBXGroup;
			children = (
				992FD1E21AA7C086000CD5A3 /* Session.swift */,
				549A3FD1E297F9127D8F6819 /* Club.swift */,
				549A3B8F1082B2855CF6DBFD /* Drink.swift */,
				549A3AF8F105B5CC9E4CCD39 /* DrinkPayment.swift */,
				549A36D2ABD5CABFA77DB7C1 /* Event.swift */,
				549A307D97DAEACE01BF4CDD /* FinePayment.swift */,
				549A3816AEADFE9D9B62F2B4 /* User.swift */,
				549A35F3311CD6F6FECFF4C4 /* Fine.swift */,
			);
			name = ApiStructs;
			sourceTree = "<group>";
		};
		998546171AA6640100E56612 = {
			isa = PBXGroup;
			children = (
				998546221AA6640100E56612 /* AlleNeune */,
				998546381AA6640100E56612 /* AlleNeuneTests */,
				998546211AA6640100E56612 /* Products */,
			);
			sourceTree = "<group>";
		};
		998546211AA6640100E56612 /* Products */ = {
			isa = PBXGroup;
			children = (
				998546201AA6640100E56612 /* AlleNeune.app */,
				998546351AA6640100E56612 /* AlleNeuneTests.xctest */,
			);
			name = Products;
			sourceTree = "<group>";
		};
		998546221AA6640100E56612 /* AlleNeune */ = {
			isa = PBXGroup;
			children = (
				992FD1E11AA7C070000CD5A3 /* ApiStructs */,
				992FD1E01AA7BFE0000CD5A3 /* ViewController */,
				992FD1DF1AA7BFC4000CD5A3 /* HelperLibs */,
				992FD1DE1AA7BFAF000CD5A3 /* ApiHelper */,
				992FD1DD1AA7BF9A000CD5A3 /* Services */,
				998546251AA6640100E56612 /* AppDelegate.swift */,
				998546291AA6640100E56612 /* Main.storyboard */,
				9985462C1AA6640100E56612 /* Images.xcassets */,
				9985462E1AA6640100E56612 /* LaunchScreen.xib */,
				998546231AA6640100E56612 /* Supporting Files */,
			);
			path = AlleNeune;
			sourceTree = "<group>";
		};
		998546231AA6640100E56612 /* Supporting Files */ = {
			isa = PBXGroup;
			children = (
				998546241AA6640100E56612 /* Info.plist */,
			);
			name = "Supporting Files";
			sourceTree = "<group>";
		};
		998546381AA6640100E56612 /* AlleNeuneTests */ = {
			isa = PBXGroup;
			children = (
				9985463B1AA6640100E56612 /* AlleNeuneTests.swift */,
				998546391AA6640100E56612 /* Supporting Files */,
			);
			path = AlleNeuneTests;
			sourceTree = "<group>";
		};
		998546391AA6640100E56612 /* Supporting Files */ = {
			isa = PBXGroup;
			children = (
				9985463A1AA6640100E56612 /* Info.plist */,
			);
			name = "Supporting Files";
			sourceTree = "<group>";
		};
/* End PBXGroup section */

/* Begin PBXNativeTarget section */
		9985461F1AA6640100E56612 /* AlleNeune */ = {
			isa = PBXNativeTarget;
			buildConfigurationList = 9985463F1AA6640100E56612 /* Build configuration list for PBXNativeTarget "AlleNeune" */;
			buildPhases = (
				9985461C1AA6640100E56612 /* Sources */,
				9985461D1AA6640100E56612 /* Frameworks */,
				9985461E1AA6640100E56612 /* Resources */,
			);
			buildRules = (
			);
			dependencies = (
			);
			name = AlleNeune;
			productName = AlleNeune;
			productReference = 998546201AA6640100E56612 /* AlleNeune.app */;
			productType = "com.apple.product-type.application";
		};
		998546341AA6640100E56612 /* AlleNeuneTests */ = {
			isa = PBXNativeTarget;
			buildConfigurationList = 998546421AA6640100E56612 /* Build configuration list for PBXNativeTarget "AlleNeuneTests" */;
			buildPhases = (
				998546311AA6640100E56612 /* Sources */,
				998546321AA6640100E56612 /* Frameworks */,
				998546331AA6640100E56612 /* Resources */,
			);
			buildRules = (
			);
			dependencies = (
				998546371AA6640100E56612 /* PBXTargetDependency */,
			);
			name = AlleNeuneTests;
			productName = AlleNeuneTests;
			productReference = 998546351AA6640100E56612 /* AlleNeuneTests.xctest */;
			productType = "com.apple.product-type.bundle.unit-test";
		};
/* End PBXNativeTarget section */

/* Begin PBXProject section */
		998546181AA6640100E56612 /* Project object */ = {
			isa = PBXProject;
			attributes = {
				LastUpgradeCheck = 0610;
				ORGANIZATIONNAME = "Patrick Engelkes";
				TargetAttributes = {
					9985461F1AA6640100E56612 = {
						CreatedOnToolsVersion = 6.1.1;
					};
					998546341AA6640100E56612 = {
						CreatedOnToolsVersion = 6.1.1;
						TestTargetID = 9985461F1AA6640100E56612;
					};
				};
			};
			buildConfigurationList = 9985461B1AA6640100E56612 /* Build configuration list for PBXProject "AlleNeune" */;
			compatibilityVersion = "Xcode 3.2";
			developmentRegion = English;
			hasScannedForEncodings = 0;
			knownRegions = (
				en,
				Base,
			);
			mainGroup = 998546171AA6640100E56612;
			productRefGroup = 998546211AA6640100E56612 /* Products */;
			projectDirPath = "";
			projectRoot = "";
			targets = (
				9985461F1AA6640100E56612 /* AlleNeune */,
				998546341AA6640100E56612 /* AlleNeuneTests */,
			);
		};
/* End PBXProject section */

/* Begin PBXResourcesBuildPhase section */
		9985461E1AA6640100E56612 /* Resources */ = {
			isa = PBXResourcesBuildPhase;
			buildActionMask = 2147483647;
			files = (
				9985462B1AA6640100E56612 /* Main.storyboard in Resources */,
				998546301AA6640100E56612 /* LaunchScreen.xib in Resources */,
				9985462D1AA6640100E56612 /* Images.xcassets in Resources */,
			);
			runOnlyForDeploymentPostprocessing = 0;
		};
		998546331AA6640100E56612 /* Resources */ = {
			isa = PBXResourcesBuildPhase;
			buildActionMask = 2147483647;
			files = (
			);
			runOnlyForDeploymentPostprocessing = 0;
		};
/* End PBXResourcesBuildPhase section */

/* Begin PBXSourcesBuildPhase section */
		9985461C1AA6640100E56612 /* Sources */ = {
			isa = PBXSourcesBuildPhase;
			buildActionMask = 2147483647;
			files = (
				998546461AA6666500E56612 /* SwiftyJSON.swift in Sources */,
				998546281AA6640100E56612 /* LoginController.swift in Sources */,
				99C8D5611AA700A800D3EF7D /* ApiPostHandler.swift in Sources */,
				99C8D55F1AA7008D00D3EF7D /* SessionService.swift in Sources */,
				99C8D5911AA707A900D3EF7D /* PostResponse.swift in Sources */,
				998546261AA6640100E56612 /* AppDelegate.swift in Sources */,
				992FD1E31AA7C086000CD5A3 /* Session.swift in Sources */,
				549A3A4833195ED9C735B733 /* Club.swift in Sources */,
				549A341D6C6D6FEA54AFBBCF /* Drink.swift in Sources */,
				549A38966F44FF8A21E38BE1 /* DrinkPayment.swift in Sources */,
				549A3CCD4B2692F9B32DFC15 /* Event.swift in Sources */,
				549A3A0266ECEE31302FBF80 /* FinePayment.swift in Sources */,
				549A3C316575B9A2851D4C9B /* User.swift in Sources */,
				549A30F6DA8754A08B88C598 /* Fine.swift in Sources */,
			);
			runOnlyForDeploymentPostprocessing = 0;
		};
		998546311AA6640100E56612 /* Sources */ = {
			isa = PBXSourcesBuildPhase;
			buildActionMask = 2147483647;
			files = (
				9985463C1AA6640100E56612 /* AlleNeuneTests.swift in Sources */,
			);
			runOnlyForDeploymentPostprocessing = 0;
		};
/* End PBXSourcesBuildPhase section */

/* Begin PBXTargetDependency section */
		998546371AA6640100E56612 /* PBXTargetDependency */ = {
			isa = PBXTargetDependency;
			target = 9985461F1AA6640100E56612 /* AlleNeune */;
			targetProxy = 998546361AA6640100E56612 /* PBXContainerItemProxy */;
		};
/* End PBXTargetDependency section */

/* Begin PBXVariantGroup section */
		998546291AA6640100E56612 /* Main.storyboard */ = {
			isa = PBXVariantGroup;
			children = (
				9985462A1AA6640100E56612 /* Base */,
			);
			name = Main.storyboard;
			sourceTree = "<group>";
		};
		9985462E1AA6640100E56612 /* LaunchScreen.xib */ = {
			isa = PBXVariantGroup;
			children = (
				9985462F1AA6640100E56612 /* Base */,
			);
			name = LaunchScreen.xib;
			sourceTree = "<group>";
		};
/* End PBXVariantGroup section */

/* Begin XCBuildConfiguration section */
		9985463D1AA6640100E56612 /* Debug */ = {
			isa = XCBuildConfiguration;
			buildSettings = {
				ALWAYS_SEARCH_USER_PATHS = NO;
				CLANG_CXX_LANGUAGE_STANDARD = "gnu++0x";
				CLANG_CXX_LIBRARY = "libc++";
				CLANG_ENABLE_MODULES = YES;
				CLANG_ENABLE_OBJC_ARC = YES;
				CLANG_WARN_BOOL_CONVERSION = YES;
				CLANG_WARN_CONSTANT_CONVERSION = YES;
				CLANG_WARN_DIRECT_OBJC_ISA_USAGE = YES_ERROR;
				CLANG_WARN_EMPTY_BODY = YES;
				CLANG_WARN_ENUM_CONVERSION = YES;
				CLANG_WARN_INT_CONVERSION = YES;
				CLANG_WARN_OBJC_ROOT_CLASS = YES_ERROR;
				CLANG_WARN_UNREACHABLE_CODE = YES;
				CLANG_WARN__DUPLICATE_METHOD_MATCH = YES;
				"CODE_SIGN_IDENTITY[sdk=iphoneos*]" = "iPhone Developer";
				COPY_PHASE_STRIP = NO;
				ENABLE_STRICT_OBJC_MSGSEND = YES;
				GCC_C_LANGUAGE_STANDARD = gnu99;
				GCC_DYNAMIC_NO_PIC = NO;
				GCC_OPTIMIZATION_LEVEL = 0;
				GCC_PREPROCESSOR_DEFINITIONS = (
					"DEBUG=1",
					"$(inherited)",
				);
				GCC_SYMBOLS_PRIVATE_EXTERN = NO;
				GCC_WARN_64_TO_32_BIT_CONVERSION = YES;
				GCC_WARN_ABOUT_RETURN_TYPE = YES_ERROR;
				GCC_WARN_UNDECLARED_SELECTOR = YES;
				GCC_WARN_UNINITIALIZED_AUTOS = YES_AGGRESSIVE;
				GCC_WARN_UNUSED_FUNCTION = YES;
				GCC_WARN_UNUSED_VARIABLE = YES;
				IPHONEOS_DEPLOYMENT_TARGET = 8.1;
				MTL_ENABLE_DEBUG_INFO = YES;
				ONLY_ACTIVE_ARCH = YES;
				SDKROOT = iphoneos;
				SWIFT_OPTIMIZATION_LEVEL = "-Onone";
			};
			name = Debug;
		};
		9985463E1AA6640100E56612 /* Release */ = {
			isa = XCBuildConfiguration;
			buildSettings = {
				ALWAYS_SEARCH_USER_PATHS = NO;
				CLANG_CXX_LANGUAGE_STANDARD = "gnu++0x";
				CLANG_CXX_LIBRARY = "libc++";
				CLANG_ENABLE_MODULES = YES;
				CLANG_ENABLE_OBJC_ARC = YES;
				CLANG_WARN_BOOL_CONVERSION = YES;
				CLANG_WARN_CONSTANT_CONVERSION = YES;
				CLANG_WARN_DIRECT_OBJC_ISA_USAGE = YES_ERROR;
				CLANG_WARN_EMPTY_BODY = YES;
				CLANG_WARN_ENUM_CONVERSION = YES;
				CLANG_WARN_INT_CONVERSION = YES;
				CLANG_WARN_OBJC_ROOT_CLASS = YES_ERROR;
				CLANG_WARN_UNREACHABLE_CODE = YES;
				CLANG_WARN__DUPLICATE_METHOD_MATCH = YES;
				"CODE_SIGN_IDENTITY[sdk=iphoneos*]" = "iPhone Developer";
				COPY_PHASE_STRIP = YES;
				ENABLE_NS_ASSERTIONS = NO;
				ENABLE_STRICT_OBJC_MSGSEND = YES;
				GCC_C_LANGUAGE_STANDARD = gnu99;
				GCC_WARN_64_TO_32_BIT_CONVERSION = YES;
				GCC_WARN_ABOUT_RETURN_TYPE = YES_ERROR;
				GCC_WARN_UNDECLARED_SELECTOR = YES;
				GCC_WARN_UNINITIALIZED_AUTOS = YES_AGGRESSIVE;
				GCC_WARN_UNUSED_FUNCTION = YES;
				GCC_WARN_UNUSED_VARIABLE = YES;
				IPHONEOS_DEPLOYMENT_TARGET = 8.1;
				MTL_ENABLE_DEBUG_INFO = NO;
				SDKROOT = iphoneos;
				VALIDATE_PRODUCT = YES;
			};
			name = Release;
		};
		998546401AA6640100E56612 /* Debug */ = {
			isa = XCBuildConfiguration;
			buildSettings = {
				ASSETCATALOG_COMPILER_APPICON_NAME = AppIcon;
				INFOPLIST_FILE = AlleNeune/Info.plist;
				LD_RUNPATH_SEARCH_PATHS = "$(inherited) @executable_path/Frameworks";
				PRODUCT_NAME = "$(TARGET_NAME)";
			};
			name = Debug;
		};
		998546411AA6640100E56612 /* Release */ = {
			isa = XCBuildConfiguration;
			buildSettings = {
				ASSETCATALOG_COMPILER_APPICON_NAME = AppIcon;
				INFOPLIST_FILE = AlleNeune/Info.plist;
				LD_RUNPATH_SEARCH_PATHS = "$(inherited) @executable_path/Frameworks";
				PRODUCT_NAME = "$(TARGET_NAME)";
			};
			name = Release;
		};
		998546431AA6640100E56612 /* Debug */ = {
			isa = XCBuildConfiguration;
			buildSettings = {
				BUNDLE_LOADER = "$(TEST_HOST)";
				FRAMEWORK_SEARCH_PATHS = (
					"$(SDKROOT)/Developer/Library/Frameworks",
					"$(inherited)",
				);
				GCC_PREPROCESSOR_DEFINITIONS = (
					"DEBUG=1",
					"$(inherited)",
				);
				INFOPLIST_FILE = AlleNeuneTests/Info.plist;
				LD_RUNPATH_SEARCH_PATHS = "$(inherited) @executable_path/Frameworks @loader_path/Frameworks";
				PRODUCT_NAME = "$(TARGET_NAME)";
				TEST_HOST = "$(BUILT_PRODUCTS_DIR)/AlleNeune.app/AlleNeune";
			};
			name = Debug;
		};
		998546441AA6640100E56612 /* Release */ = {
			isa = XCBuildConfiguration;
			buildSettings = {
				BUNDLE_LOADER = "$(TEST_HOST)";
				FRAMEWORK_SEARCH_PATHS = (
					"$(SDKROOT)/Developer/Library/Frameworks",
					"$(inherited)",
				);
				INFOPLIST_FILE = AlleNeuneTests/Info.plist;
				LD_RUNPATH_SEARCH_PATHS = "$(inherited) @executable_path/Frameworks @loader_path/Frameworks";
				PRODUCT_NAME = "$(TARGET_NAME)";
				TEST_HOST = "$(BUILT_PRODUCTS_DIR)/AlleNeune.app/AlleNeune";
			};
			name = Release;
		};
/* End XCBuildConfiguration section */

/* Begin XCConfigurationList section */
		9985461B1AA6640100E56612 /* Build configuration list for PBXProject "AlleNeune" */ = {
			isa = XCConfigurationList;
			buildConfigurations = (
				9985463D1AA6640100E56612 /* Debug */,
				9985463E1AA6640100E56612 /* Release */,
			);
			defaultConfigurationIsVisible = 0;
			defaultConfigurationName = Release;
		};
		9985463F1AA6640100E56612 /* Build configuration list for PBXNativeTarget "AlleNeune" */ = {
			isa = XCConfigurationList;
			buildConfigurations = (
				998546401AA6640100E56612 /* Debug */,
				998546411AA6640100E56612 /* Release */,
			);
			defaultConfigurationIsVisible = 0;
			defaultConfigurationName = Release;
		};
		998546421AA6640100E56612 /* Build configuration list for PBXNativeTarget "AlleNeuneTests" */ = {
			isa = XCConfigurationList;
			buildConfigurations = (
				998546431AA6640100E56612 /* Debug */,
				998546441AA6640100E56612 /* Release */,
			);
			defaultConfigurationIsVisible = 0;
			defaultConfigurationName = Release;
		};
/* End XCConfigurationList section */
	};
	rootObject = 998546181AA6640100E56612 /* Project object */;
}
